# THIS IS AN AUTOGENERATED FILE. DO NOT EDIT THIS FILE DIRECTLY.
# yarn lockfile v1


"@gi-types/atk1@^2.36.0":
  version "2.36.0"
  resolved "https://registry.yarnpkg.com/@gi-types/atk1/-/atk1-2.36.0.tgz#24bbd25e11a8c7465349af040350f86af46c3ecb"
  integrity sha512-lCuoaJwqFDV+V+sf4mOcciLCJitiUsGNg/W2Q5Y+21FycPZqlsjgXb0pimo7gLdq11d1lEfHffh3AkY80+7SHw==
  dependencies:
    "@gi-types/glib2" "^2.68.0"
    "@gi-types/gobject2" "^2.68.0"

"@gi-types/cairo1@^1.0.0":
  version "1.0.0"
  resolved "https://registry.yarnpkg.com/@gi-types/cairo1/-/cairo1-1.0.0.tgz#50eca301ca38a88491a2659be8c344613c2fab8a"
  integrity sha512-EURdj33wnPbspWDOyHc2yNmzqnUaDJ+ix6paIooffuPyOKLer+M/+eBFcou6X3j8o6CZvH4D/dguoi3gNzsTQw==
  dependencies:
    "@gi-types/gobject2" "^2.68.0"

"@gi-types/gdesktopenums3@*":
  version "3.0.0"
  resolved "https://registry.yarnpkg.com/@gi-types/gdesktopenums3/-/gdesktopenums3-3.0.0.tgz#ae7f9748734879adb2dbf95cb69b174ce5ceacc0"
  integrity sha512-++nr84oT0UU5SQTBGkAkJO+SKGOYkav2p87J3zKM3Ksr1Obrt6C1lMOgnCBv9LaxA8KQKQyH1a8diZV8eYssYQ==
  dependencies:
    "@gi-types/gobject2" "^2.68.0"

"@gi-types/gdk3@*", "@gi-types/gdk3@^3.24.0":
  version "3.24.0"
  resolved "https://registry.yarnpkg.com/@gi-types/gdk3/-/gdk3-3.24.0.tgz#dac22e08482956c57d60a8ca8d93984a4e2cfe9b"
  integrity sha512-Cp15QJwepyn9xRtzZDDmyF89VpXdxePTa9GeSE5C1iPH9QFQXxHMs37RCCAjgq3pgGbc3v6AkjLsleYGv0LYwg==
  dependencies:
    "@gi-types/cairo1" "^1.0.0"
    "@gi-types/gdkpixbuf2" "^2.0.0"
    "@gi-types/gio2" "^2.68.0"
    "@gi-types/glib2" "^2.68.0"
    "@gi-types/gobject2" "^2.68.0"
    "@gi-types/pango1" "^1.0.0"

"@gi-types/gdkpixbuf2@^2.0.0":
  version "2.0.0"
  resolved "https://registry.yarnpkg.com/@gi-types/gdkpixbuf2/-/gdkpixbuf2-2.0.0.tgz#90d0298d215220b272f7d4c53cbae9ca125efd59"
  integrity sha512-8oSX5p09U1JwoNvo8s+OPTsUn6n4K7lkKVa8LC12VxL1z9csI63zmQ4LVHmL54+PQDkVjZGM/zNnV0aHerO2Tw==
  dependencies:
    "@gi-types/gio2" "^2.68.0"
    "@gi-types/glib2" "^2.68.0"
    "@gi-types/gmodule2" "^2.0.0"
    "@gi-types/gobject2" "^2.68.0"

"@gi-types/gio2@^2.68.0":
  version "2.68.0"
  resolved "https://registry.yarnpkg.com/@gi-types/gio2/-/gio2-2.68.0.tgz#45c35975c0a85e257b492e156cf2c82eb6dd2ad5"
  integrity sha512-VEjaLR96r9HOqf9YfVN4tAVeCAIqccoOz2KUJyqj3Ha/GABBilEucJUr7VK7t2Vogtlp7VyqdSa2AilORqPg1A==
  dependencies:
    "@gi-types/glib2" "^2.68.0"
    "@gi-types/gobject2" "^2.68.0"

"@gi-types/glib2@^2.68.0":
  version "2.68.0"
  resolved "https://registry.yarnpkg.com/@gi-types/glib2/-/glib2-2.68.0.tgz#9cbb46eec42a21058823c29237ac81a676f8bc95"
  integrity sha512-xm0VaFsL3YbjmwgiWFMX/yX/nxKu1xXsSY7pnHL7T5bQcb28oNCfWBH1Rhlx6wjL7DR2mQjX5owbaA5ZXUFLHQ==
  dependencies:
    "@gi-types/gobject2" "^2.68.0"

"@gi-types/gmodule2@^2.0.0":
  version "2.0.0"
  resolved "https://registry.yarnpkg.com/@gi-types/gmodule2/-/gmodule2-2.0.0.tgz#ac6b7fe22fef804b2762e371e7129ca5994edf44"
  integrity sha512-Wnn3CImVWdJbAU2dqeCa7ieFEtxhcCyZVR2d6QHOrFngKBZqDnUqw35mv9mUjp48D5B3kS1QuCszvUZ8VSeHcA==
  dependencies:
    "@gi-types/gobject2" "^2.68.0"

"@gi-types/gnomebluetooth1@*":
  version "1.0.0"
  resolved "https://registry.yarnpkg.com/@gi-types/gnomebluetooth1/-/gnomebluetooth1-1.0.0.tgz#a642cf44585f81adb00c421277a2c4b3ff5c76d1"
  integrity sha512-Q9rFI04okny61UVRTqpIdBs1MrJbbQgUrvo7KpH+dJJUVDSld/DXxavFeYLPBQiOZjJ+cd2qiIF8PA/h+Zvd6A==
  dependencies:
    "@gi-types/atk1" "^2.36.0"
    "@gi-types/gio2" "^2.68.0"
    "@gi-types/glib2" "^2.68.0"
    "@gi-types/gobject2" "^2.68.0"
    "@gi-types/gtk3" "^3.24.0"

"@gi-types/gobject2@^2.68.0":
  version "2.68.0"
  resolved "https://registry.yarnpkg.com/@gi-types/gobject2/-/gobject2-2.68.0.tgz#d19ed29a41309c8c300572e94b317c329af1c323"
  integrity sha512-Ka/vZnb+VLg68eNJ6rnkU6qjqupnpPjq8JFmJsdUsMyZPV9WTG7YOKiAZBQ3BfSO5LsiDdAyVWfU7OHu//So0Q==
  dependencies:
    "@gi-types/glib2" "^2.68.0"

"@gi-types/gst1@*":
  version "1.18.0"
  resolved "https://registry.yarnpkg.com/@gi-types/gst1/-/gst1-1.18.0.tgz#06aef056834b13403dde3e03a5b0d19af3c0bf66"
  integrity sha512-gLIfvAhJGM9MqIAjp26qqvWbWWAcVyV0KZ8x0c38EIzqxa7s7P8UhktmfLaGtqHKuWansKAVW83e61F2SSMF2g==
  dependencies:
    "@gi-types/glib2" "^2.68.0"
    "@gi-types/gobject2" "^2.68.0"

"@gi-types/gtk3@*", "@gi-types/gtk3@^3.24.0":
  version "3.24.0"
  resolved "https://registry.yarnpkg.com/@gi-types/gtk3/-/gtk3-3.24.0.tgz#926acf7f4fda487052eb620e06034d71cefa2f42"
  integrity sha512-D3EKqE+hcltQAGrFGry2X4zaLUYwCMr/7mym6oq78mF5hM2DSoUnDA9qfTYLImqQ//8fs9rBe4HPSXeYcHoNLg==
  dependencies:
    "@gi-types/atk1" "^2.36.0"
    "@gi-types/cairo1" "^1.0.0"
    "@gi-types/gdk3" "^3.24.0"
    "@gi-types/gdkpixbuf2" "^2.0.0"
    "@gi-types/gio2" "^2.68.0"
    "@gi-types/glib2" "^2.68.0"
    "@gi-types/gobject2" "^2.68.0"
    "@gi-types/pango1" "^1.0.0"
    "@gi-types/xlib2" "^2.0.0"

"@gi-types/gweather3@*":
  version "3.0.0"
  resolved "https://registry.yarnpkg.com/@gi-types/gweather3/-/gweather3-3.0.0.tgz#f15d3173553d4ed6f0f6ff0f4ebfc1108d9db7ec"
  integrity sha512-gDe9itPNc+W6LoTGVarCm5BWDfumuxwqCcWlzWY3m90PzY5ceNublayvAJqF6fp14Bhx+zWjd/SS8IcuHrLO4g==
  dependencies:
    "@gi-types/atk1" "^2.36.0"
    "@gi-types/gdk3" "^3.24.0"
    "@gi-types/gdkpixbuf2" "^2.0.0"
    "@gi-types/gio2" "^2.68.0"
    "@gi-types/glib2" "^2.68.0"
    "@gi-types/gobject2" "^2.68.0"
    "@gi-types/gtk3" "^3.24.0"

"@gi-types/harfbuzz2@^2.8.1":
  version "2.8.1"
  resolved "https://registry.yarnpkg.com/@gi-types/harfbuzz2/-/harfbuzz2-2.8.1.tgz#757301194a7408afcd386c1de13b4061411116a1"
  integrity sha512-XeobP2BuLuF5xyxCd2WqxlnUSqhwFED3mJQ7JTcWvKd59BR0tWK1Qd+v7OOcYHdUFYS2Y1+EibfhR7hOH7TZCA==
  dependencies:
    "@gi-types/glib2" "^2.68.0"
    "@gi-types/gobject2" "^2.68.0"

"@gi-types/javascriptcore4@*", "@gi-types/javascriptcore4@^2.32.0":
  version "2.32.0"
  resolved "https://registry.yarnpkg.com/@gi-types/javascriptcore4/-/javascriptcore4-2.32.0.tgz#50e821da88a43ab85f06d59fb7ad473e56318f42"
  integrity sha512-LrFqTHK/r1Q7oqebxqQXJpIIqkSr60O6qEGjWHTPid1N0ZSA/qCz+Pl+nmpnoWB42ujcPCAWlSyCYirQbIf88Q==
  dependencies:
    "@gi-types/glib2" "^2.68.0"
    "@gi-types/gobject2" "^2.68.0"

"@gi-types/nm1@^1.32.0":
  version "1.32.0"
  resolved "https://registry.yarnpkg.com/@gi-types/nm1/-/nm1-1.32.0.tgz#aa44279f175ba90e58179f7cc36693676a22a809"
  integrity sha512-TPF9iVP2eZR+z0hw1vFvl7ae7hmPE04mpLaoEYfpH65wW/3ldZ8G72AryKu86zMQ99BEwGU7aplA3gCfPFGI0w==
  dependencies:
    "@gi-types/gio2" "^2.68.0"
    "@gi-types/glib2" "^2.68.0"
    "@gi-types/gobject2" "^2.68.0"

"@gi-types/nma1@*":
  version "1.8.0"
  resolved "https://registry.yarnpkg.com/@gi-types/nma1/-/nma1-1.8.0.tgz#8f8af45e5bad956d02600110f645055e5f37eebd"
  integrity sha512-/0gsyKrbG2DD06+7ItF+doFZnZFZL0NcuIHA28mJReyYjHShLAfIksQFS/zid+ZHaYt5DO7vRFeCIReU5d+3Rw==
  dependencies:
    "@gi-types/atk1" "^2.36.0"
    "@gi-types/cairo1" "^1.0.0"
    "@gi-types/gio2" "^2.68.0"
    "@gi-types/glib2" "^2.68.0"
    "@gi-types/gobject2" "^2.68.0"
    "@gi-types/gtk3" "^3.24.0"
    "@gi-types/nm1" "^1.32.0"

"@gi-types/pango1@^1.0.0":
  version "1.0.0"
  resolved "https://registry.yarnpkg.com/@gi-types/pango1/-/pango1-1.0.0.tgz#51dc46cc97ae24650f23ab591aa12d43f957da9e"
  integrity sha512-ZDYC0tW+SNUjrjxGSEIJo8oPLlpz+WwvwRH2d0mTTX3p2SuQNV7rkYjdR0L2uAuD15NBe7mM6wvLcxJ2WZurGg==
  dependencies:
    "@gi-types/glib2" "^2.68.0"
    "@gi-types/gobject2" "^2.68.0"
    "@gi-types/harfbuzz2" "^2.8.1"

"@gi-types/soup2@^2.72.0":
  version "2.72.0"
  resolved "https://registry.yarnpkg.com/@gi-types/soup2/-/soup2-2.72.0.tgz#f1a25e478b2f1c66a1298dbfcd622724903e6a9e"
  integrity sha512-PGCUaj9IEfA9vIhZPbXNFamklWWCIqszV0OIdyzzQxcL6EcJTdW8mn0DTRGqJPXuC52l/V5smOSF9eelyhMKZA==
  dependencies:
    "@gi-types/gio2" "^2.68.0"
    "@gi-types/glib2" "^2.68.0"
    "@gi-types/gobject2" "^2.68.0"

"@gi-types/webkit24@*":
  version "2.32.0"
  resolved "https://registry.yarnpkg.com/@gi-types/webkit24/-/webkit24-2.32.0.tgz#4ff52410f0c06daa6a52d2460155c852e5e447db"
  integrity sha512-/LjG8B5HDh4MP5wnO8xA/rU06vx1KuqdtnYbCl6u7WOpND0Bwi46ijdbbVCY1pbs4tm6+ECHPeeFDy5mt9gHAA==
  dependencies:
    "@gi-types/atk1" "^2.36.0"
    "@gi-types/cairo1" "^1.0.0"
    "@gi-types/gdk3" "^3.24.0"
    "@gi-types/gio2" "^2.68.0"
    "@gi-types/glib2" "^2.68.0"
    "@gi-types/gobject2" "^2.68.0"
    "@gi-types/gtk3" "^3.24.0"
    "@gi-types/javascriptcore4" "^2.32.0"
    "@gi-types/soup2" "^2.72.0"

"@gi-types/webkit2webextension4@*":
  version "4.0.0"
  resolved "https://registry.yarnpkg.com/@gi-types/webkit2webextension4/-/webkit2webextension4-4.0.0.tgz#88e994cb88fb77f17ff50b3748374944bfb3ce19"
  integrity sha512-k+B2PX2BntzDIp4WQ0N3xgTO9VFnOa/cGMht6cG7+lwWf2akI6MO/vVQuv58juAONIw6XJ8emsDh9/l7JBdV/g==
  dependencies:
    "@gi-types/gio2" "^2.68.0"
    "@gi-types/glib2" "^2.68.0"
    "@gi-types/gobject2" "^2.68.0"
    "@gi-types/gtk3" "^3.24.0"
    "@gi-types/javascriptcore4" "^2.32.0"
    "@gi-types/soup2" "^2.72.0"

"@gi-types/xlib2@^2.0.0":
  version "2.0.0"
  resolved "https://registry.yarnpkg.com/@gi-types/xlib2/-/xlib2-2.0.0.tgz#1072b392a42266832dc8f329db30e005dce8b024"
  integrity sha512-wFeKKC104EUj6h3HsAIBMUSCZYgphZgNARy4NUWfbjLF0Mx+N84PgzAcUgrWsbrxXKappsZ3mqZfPvdtea948A==
  dependencies:
    "@gi-types/gobject2" "^2.68.0"
