# THIS IS AN AUTOGENERATED FILE. DO NOT EDIT THIS FILE DIRECTLY.
# yarn lockfile v1


"@gi-types/cairo1@^1.0.0":
  version "1.0.0"
  resolved "https://registry.yarnpkg.com/@gi-types/cairo1/-/cairo1-1.0.0.tgz#50eca301ca38a88491a2659be8c344613c2fab8a"
  integrity sha512-EURdj33wnPbspWDOyHc2yNmzqnUaDJ+ix6paIooffuPyOKLer+M/+eBFcou6X3j8o6CZvH4D/dguoi3gNzsTQw==
  dependencies:
    "@gi-types/gobject2" "^2.68.0"

"@gi-types/gdk4@*", "@gi-types/gdk4@^4.0.0":
  version "4.0.0"
  resolved "https://registry.yarnpkg.com/@gi-types/gdk4/-/gdk4-4.0.0.tgz#e39fd6ee35ab3f8e96711c7cccbe68da9fc31b4f"
  integrity sha512-rlBQByuGyszxPcjzUE945+8b+psrlAtnG25EaBZsthNG6ZPZ0AI2Gflezg/Lzfz3HVJadr/faZnGrQhk1JtxQw==
  dependencies:
    "@gi-types/cairo1" "^1.0.0"
    "@gi-types/gdkpixbuf2" "^2.0.0"
    "@gi-types/gio2" "^2.68.0"
    "@gi-types/glib2" "^2.68.0"
    "@gi-types/gobject2" "^2.68.0"
    "@gi-types/pango1" "^1.0.0"

"@gi-types/gdkpixbuf2@^2.0.0":
  version "2.0.0"
  resolved "https://registry.yarnpkg.com/@gi-types/gdkpixbuf2/-/gdkpixbuf2-2.0.0.tgz#90d0298d215220b272f7d4c53cbae9ca125efd59"
  integrity sha512-8oSX5p09U1JwoNvo8s+OPTsUn6n4K7lkKVa8LC12VxL1z9csI63zmQ4LVHmL54+PQDkVjZGM/zNnV0aHerO2Tw==
  dependencies:
    "@gi-types/gio2" "^2.68.0"
    "@gi-types/glib2" "^2.68.0"
    "@gi-types/gmodule2" "^2.0.0"
    "@gi-types/gobject2" "^2.68.0"

"@gi-types/gio2@^2.68.0":
  version "2.68.0"
  resolved "https://registry.yarnpkg.com/@gi-types/gio2/-/gio2-2.68.0.tgz#45c35975c0a85e257b492e156cf2c82eb6dd2ad5"
  integrity sha512-VEjaLR96r9HOqf9YfVN4tAVeCAIqccoOz2KUJyqj3Ha/GABBilEucJUr7VK7t2Vogtlp7VyqdSa2AilORqPg1A==
  dependencies:
    "@gi-types/glib2" "^2.68.0"
    "@gi-types/gobject2" "^2.68.0"

"@gi-types/glib2@^2.68.0":
  version "2.68.0"
  resolved "https://registry.yarnpkg.com/@gi-types/glib2/-/glib2-2.68.0.tgz#9cbb46eec42a21058823c29237ac81a676f8bc95"
  integrity sha512-xm0VaFsL3YbjmwgiWFMX/yX/nxKu1xXsSY7pnHL7T5bQcb28oNCfWBH1Rhlx6wjL7DR2mQjX5owbaA5ZXUFLHQ==
  dependencies:
    "@gi-types/gobject2" "^2.68.0"

"@gi-types/gmodule2@^2.0.0":
  version "2.0.0"
  resolved "https://registry.yarnpkg.com/@gi-types/gmodule2/-/gmodule2-2.0.0.tgz#ac6b7fe22fef804b2762e371e7129ca5994edf44"
  integrity sha512-Wnn3CImVWdJbAU2dqeCa7ieFEtxhcCyZVR2d6QHOrFngKBZqDnUqw35mv9mUjp48D5B3kS1QuCszvUZ8VSeHcA==
  dependencies:
    "@gi-types/gobject2" "^2.68.0"

"@gi-types/gobject2@^2.68.0":
  version "2.68.0"
  resolved "https://registry.yarnpkg.com/@gi-types/gobject2/-/gobject2-2.68.0.tgz#d19ed29a41309c8c300572e94b317c329af1c323"
  integrity sha512-Ka/vZnb+VLg68eNJ6rnkU6qjqupnpPjq8JFmJsdUsMyZPV9WTG7YOKiAZBQ3BfSO5LsiDdAyVWfU7OHu//So0Q==
  dependencies:
    "@gi-types/glib2" "^2.68.0"

"@gi-types/graphene1@*", "@gi-types/graphene1@^1.0.0":
  version "1.0.0"
  resolved "https://registry.yarnpkg.com/@gi-types/graphene1/-/graphene1-1.0.0.tgz#5db7be8abb11c8b33b12366aa05c05116c72f680"
  integrity sha512-C3vM6xLBc/P4yMCVYQDtW04OaLrbesXDR+TN5XQuwWXOchDJIky3cSCOdBw8ZdWHFELz8WRc0yEAIQTqCKVEnQ==
  dependencies:
    "@gi-types/gobject2" "^2.68.0"

"@gi-types/gsk4@*", "@gi-types/gsk4@^4.0.0":
  version "4.0.0"
  resolved "https://registry.yarnpkg.com/@gi-types/gsk4/-/gsk4-4.0.0.tgz#2c4da35cb74b1333def509c0f9fb0437d8ca3ad6"
  integrity sha512-fO6YCSU5ck05PNqB6zSUNjGev++4iziujZmeAaMqqSFt3eNoZNy38hGdljnB2+Y1691fOQgsVY35J0yZzZyNGg==
  dependencies:
    "@gi-types/cairo1" "^1.0.0"
    "@gi-types/gdk4" "^4.0.0"
    "@gi-types/glib2" "^2.68.0"
    "@gi-types/gobject2" "^2.68.0"
    "@gi-types/graphene1" "^1.0.0"
    "@gi-types/pango1" "^1.0.0"

"@gi-types/gtk4@*":
  version "4.2.0"
  resolved "https://registry.yarnpkg.com/@gi-types/gtk4/-/gtk4-4.2.0.tgz#9e14b7b1d51a6c99186dacb63e5fcbd13b1ec9cb"
  integrity sha512-YYwzQLRZXOYL6wXy7l3YjLBR2mUVyLAz5gXUBjdSgMtERLKPWpPepZdJ2zoztmdSO8Sfn2CG1rTZhuF73cQtsQ==
  dependencies:
    "@gi-types/cairo1" "^1.0.0"
    "@gi-types/gdk4" "^4.0.0"
    "@gi-types/gdkpixbuf2" "^2.0.0"
    "@gi-types/gio2" "^2.68.0"
    "@gi-types/glib2" "^2.68.0"
    "@gi-types/gobject2" "^2.68.0"
    "@gi-types/graphene1" "^1.0.0"
    "@gi-types/gsk4" "^4.0.0"
    "@gi-types/pango1" "^1.0.0"

"@gi-types/harfbuzz2@^2.8.1":
  version "2.8.1"
  resolved "https://registry.yarnpkg.com/@gi-types/harfbuzz2/-/harfbuzz2-2.8.1.tgz#757301194a7408afcd386c1de13b4061411116a1"
  integrity sha512-XeobP2BuLuF5xyxCd2WqxlnUSqhwFED3mJQ7JTcWvKd59BR0tWK1Qd+v7OOcYHdUFYS2Y1+EibfhR7hOH7TZCA==
  dependencies:
    "@gi-types/glib2" "^2.68.0"
    "@gi-types/gobject2" "^2.68.0"

"@gi-types/pango1@^1.0.0":
  version "1.0.0"
  resolved "https://registry.yarnpkg.com/@gi-types/pango1/-/pango1-1.0.0.tgz#51dc46cc97ae24650f23ab591aa12d43f957da9e"
  integrity sha512-ZDYC0tW+SNUjrjxGSEIJo8oPLlpz+WwvwRH2d0mTTX3p2SuQNV7rkYjdR0L2uAuD15NBe7mM6wvLcxJ2WZurGg==
  dependencies:
    "@gi-types/glib2" "^2.68.0"
    "@gi-types/gobject2" "^2.68.0"
    "@gi-types/harfbuzz2" "^2.8.1"
