# THIS IS AN AUTOGENERATED FILE. DO NOT EDIT THIS FILE DIRECTLY.
# yarn lockfile v1


"@gi-types/accountsservice1@^1.0.0":
  version "1.0.0"
  resolved "https://registry.yarnpkg.com/@gi-types/accountsservice1/-/accountsservice1-1.0.0.tgz#3249bf6a557841c93b92a2fce3978ae23f3e36f5"
  integrity sha512-EbtQcheg/Xj5y4k4/HoYr6y2VX80zf93SO4lEN0f6lrdUWKwndEZ5h24bgsDlv2+PoVlrgD6U9OLuRnniKWfFw==
  dependencies:
    "@gi-types/gio2" "^2.68.0"
    "@gi-types/glib2" "^2.68.0"
    "@gi-types/gobject2" "^2.68.0"

"@gi-types/atk1@*":
  version "2.36.0"
  resolved "https://registry.yarnpkg.com/@gi-types/atk1/-/atk1-2.36.0.tgz#24bbd25e11a8c7465349af040350f86af46c3ecb"
  integrity sha512-lCuoaJwqFDV+V+sf4mOcciLCJitiUsGNg/W2Q5Y+21FycPZqlsjgXb0pimo7gLdq11d1lEfHffh3AkY80+7SHw==
  dependencies:
    "@gi-types/glib2" "^2.68.0"
    "@gi-types/gobject2" "^2.68.0"

"@gi-types/atspi2@*":
  version "2.0.0"
  resolved "https://registry.yarnpkg.com/@gi-types/atspi2/-/atspi2-2.0.0.tgz#694ee30789fb5f522fb61bd410cf50120636219c"
  integrity sha512-B6E6YUEi74ylX2XVRVOhK2jwZhXijcmd2UUp9XdOXg3Ja8Z9+NleOVugShsK7v6B55E3Qzj+W8PyW2ucBnAKVA==
  dependencies:
    "@gi-types/dbus1" "^1.0.0"
    "@gi-types/glib2" "^2.68.0"
    "@gi-types/gobject2" "^2.68.0"

"@gi-types/cairo1@*", "@gi-types/cairo1@^1.0.0":
  version "1.0.0"
  resolved "https://registry.yarnpkg.com/@gi-types/cairo1/-/cairo1-1.0.0.tgz#50eca301ca38a88491a2659be8c344613c2fab8a"
  integrity sha512-EURdj33wnPbspWDOyHc2yNmzqnUaDJ+ix6paIooffuPyOKLer+M/+eBFcou6X3j8o6CZvH4D/dguoi3gNzsTQw==
  dependencies:
    "@gi-types/gobject2" "^2.68.0"

"@gi-types/dbus1@*", "@gi-types/dbus1@^1.0.0":
  version "1.0.0"
  resolved "https://registry.yarnpkg.com/@gi-types/dbus1/-/dbus1-1.0.0.tgz#2eb7424a74220e65804befd64c9c12d4fd23ea71"
  integrity sha512-MyT8RkHL6vySSpd5UWmDmojBZyC3W6zLtpJykABi0TV+pw+TVXQUghP7aYOiFGaXfiYzzRxBp8JoNq6PHHmw+A==
  dependencies:
    "@gi-types/gobject2" "^2.68.0"

"@gi-types/gck1@*", "@gi-types/gck1@^1.0.0":
  version "1.0.0"
  resolved "https://registry.yarnpkg.com/@gi-types/gck1/-/gck1-1.0.0.tgz#8022f52224464266badf356413e8c6b9c99d7cd2"
  integrity sha512-MZOJt+9AFiMCAcvi4aIwLCJxqpUrVQTjnLfncK5+52q6Tap6Pw5nMj5RVg5ks6BGL9F2I4BO4689m/TqYlJ8QA==
  dependencies:
    "@gi-types/gio2" "^2.68.0"
    "@gi-types/glib2" "^2.68.0"
    "@gi-types/gobject2" "^2.68.0"

"@gi-types/gcr3@*":
  version "3.40.0"
  resolved "https://registry.yarnpkg.com/@gi-types/gcr3/-/gcr3-3.40.0.tgz#e50ba6e6c9449dca06ba04ca3e5da4e277ce2785"
  integrity sha512-bgEq++sDcq+8VHFcURCX983/8ifANy9T5LawOiXrN5VVgul7UtO9E+17D1ffiVgQvl2vk13yedN3oboouVG7lg==
  dependencies:
    "@gi-types/gck1" "^1.0.0"
    "@gi-types/gio2" "^2.68.0"
    "@gi-types/glib2" "^2.68.0"
    "@gi-types/gobject2" "^2.68.0"

"@gi-types/gdkpixbuf2@*", "@gi-types/gdkpixbuf2@^2.0.0":
  version "2.0.0"
  resolved "https://registry.yarnpkg.com/@gi-types/gdkpixbuf2/-/gdkpixbuf2-2.0.0.tgz#90d0298d215220b272f7d4c53cbae9ca125efd59"
  integrity sha512-8oSX5p09U1JwoNvo8s+OPTsUn6n4K7lkKVa8LC12VxL1z9csI63zmQ4LVHmL54+PQDkVjZGM/zNnV0aHerO2Tw==
  dependencies:
    "@gi-types/gio2" "^2.68.0"
    "@gi-types/glib2" "^2.68.0"
    "@gi-types/gmodule2" "^2.0.0"
    "@gi-types/gobject2" "^2.68.0"

"@gi-types/gdm1@*":
  version "1.0.0"
  resolved "https://registry.yarnpkg.com/@gi-types/gdm1/-/gdm1-1.0.0.tgz#145f18bbf430c448703d01c1019c1c451f4df741"
  integrity sha512-I3p/NPRFRgP2PFLkz64yGNlM5ZGH0ZtWWnivrhEL4Kx7YLfHpRULj1KW2x2W5xIsHMKLwgQmum1qb3dpbQk+Mw==
  dependencies:
    "@gi-types/gio2" "^2.68.0"
    "@gi-types/glib2" "^2.68.0"
    "@gi-types/gobject2" "^2.68.0"

"@gi-types/geoclue2@*":
  version "2.0.0"
  resolved "https://registry.yarnpkg.com/@gi-types/geoclue2/-/geoclue2-2.0.0.tgz#168f595c43c851f39d4a65b41a3f209fa856202d"
  integrity sha512-fgtBPESIGkxmKFQ2TIWN2OTfJLj3PYgZUYDa/DPTL0GbLLOZuclLw+Bt+ON2gljf23Lr1CunZqz1f8IcwUzpLQ==
  dependencies:
    "@gi-types/gio2" "^2.68.0"
    "@gi-types/glib2" "^2.68.0"
    "@gi-types/gobject2" "^2.68.0"

"@gi-types/gio2@*", "@gi-types/gio2@^2.68.0":
  version "2.68.0"
  resolved "https://registry.yarnpkg.com/@gi-types/gio2/-/gio2-2.68.0.tgz#45c35975c0a85e257b492e156cf2c82eb6dd2ad5"
  integrity sha512-VEjaLR96r9HOqf9YfVN4tAVeCAIqccoOz2KUJyqj3Ha/GABBilEucJUr7VK7t2Vogtlp7VyqdSa2AilORqPg1A==
  dependencies:
    "@gi-types/glib2" "^2.68.0"
    "@gi-types/gobject2" "^2.68.0"

"@gi-types/girepository2@^1.68.0":
  version "1.68.0"
  resolved "https://registry.yarnpkg.com/@gi-types/girepository2/-/girepository2-1.68.0.tgz#96b4efb800f62aef94282d48966ee3cc9e8bb6fd"
  integrity sha512-OYTsgMdQ1UWua6Bvx/rSL29qn9CCZ1rMpoBsfvDs5ol+9nNYsxUIl7AvRIojEk/IbWmYh/K9Kv3Mqi3ntB3aTA==
  dependencies:
    "@gi-types/glib2" "^2.68.0"
    "@gi-types/gobject2" "^2.68.0"

"@gi-types/glib2@*", "@gi-types/glib2@^2.68.0":
  version "2.68.0"
  resolved "https://registry.yarnpkg.com/@gi-types/glib2/-/glib2-2.68.0.tgz#9cbb46eec42a21058823c29237ac81a676f8bc95"
  integrity sha512-xm0VaFsL3YbjmwgiWFMX/yX/nxKu1xXsSY7pnHL7T5bQcb28oNCfWBH1Rhlx6wjL7DR2mQjX5owbaA5ZXUFLHQ==
  dependencies:
    "@gi-types/gobject2" "^2.68.0"

"@gi-types/gmodule2@*", "@gi-types/gmodule2@^2.0.0":
  version "2.0.0"
  resolved "https://registry.yarnpkg.com/@gi-types/gmodule2/-/gmodule2-2.0.0.tgz#ac6b7fe22fef804b2762e371e7129ca5994edf44"
  integrity sha512-Wnn3CImVWdJbAU2dqeCa7ieFEtxhcCyZVR2d6QHOrFngKBZqDnUqw35mv9mUjp48D5B3kS1QuCszvUZ8VSeHcA==
  dependencies:
    "@gi-types/gobject2" "^2.68.0"

"@gi-types/gobject2@*", "@gi-types/gobject2@^2.68.0":
  version "2.68.0"
  resolved "https://registry.yarnpkg.com/@gi-types/gobject2/-/gobject2-2.68.0.tgz#d19ed29a41309c8c300572e94b317c329af1c323"
  integrity sha512-Ka/vZnb+VLg68eNJ6rnkU6qjqupnpPjq8JFmJsdUsMyZPV9WTG7YOKiAZBQ3BfSO5LsiDdAyVWfU7OHu//So0Q==
  dependencies:
    "@gi-types/glib2" "^2.68.0"

"@gi-types/harfbuzz2@*", "@gi-types/harfbuzz2@^2.8.1":
  version "2.8.1"
  resolved "https://registry.yarnpkg.com/@gi-types/harfbuzz2/-/harfbuzz2-2.8.1.tgz#757301194a7408afcd386c1de13b4061411116a1"
  integrity sha512-XeobP2BuLuF5xyxCd2WqxlnUSqhwFED3mJQ7JTcWvKd59BR0tWK1Qd+v7OOcYHdUFYS2Y1+EibfhR7hOH7TZCA==
  dependencies:
    "@gi-types/glib2" "^2.68.0"
    "@gi-types/gobject2" "^2.68.0"

"@gi-types/ibus1@*":
  version "1.5.0"
  resolved "https://registry.yarnpkg.com/@gi-types/ibus1/-/ibus1-1.5.0.tgz#c537530076b9fd0978d979012b27045496b6c3c1"
  integrity sha512-s8122Qp6jU1xgetUgFRaDto5hNKSFNwDITya+nXL9QWqw2Q4MGPHJlwNb+/QHbcc2rZ0dSu39jW+Z/zWpIlzbg==
  dependencies:
    "@gi-types/gio2" "^2.68.0"
    "@gi-types/glib2" "^2.68.0"
    "@gi-types/gobject2" "^2.68.0"

"@gi-types/json1@*":
  version "1.6.0"
  resolved "https://registry.yarnpkg.com/@gi-types/json1/-/json1-1.6.0.tgz#d4468d3bf222243d2b870ce5aba58f20c7c50115"
  integrity sha512-qqnqOb+lAkVs0BGAFolAd8SP2NBu0gnaSzECjzWxsjK5VLxd5uYDv6ChDjTW8bhgLWJ9vtG3HQAvsd0O6kU4XQ==
  dependencies:
    "@gi-types/gio2" "^2.68.0"
    "@gi-types/glib2" "^2.68.0"
    "@gi-types/gobject2" "^2.68.0"

"@gi-types/malcontent0@*":
  version "0.0.0"
  resolved "https://registry.yarnpkg.com/@gi-types/malcontent0/-/malcontent0-0.0.0.tgz#99b9f98e8c96d67490dce5ba88245b16a03e684b"
  integrity sha512-btlw8DK4rEbLwC47J6Q2NSom7UiSytPZy5JVPK4/faP45CFOCOQ1aJpi5lNaa9cN5AB+Br5EJFVCMDob6hUu8A==
  dependencies:
    "@gi-types/gio2" "^2.68.0"
    "@gi-types/glib2" "^2.68.0"
    "@gi-types/gobject2" "^2.68.0"

"@gi-types/modemmanager1@*":
  version "1.16.0"
  resolved "https://registry.yarnpkg.com/@gi-types/modemmanager1/-/modemmanager1-1.16.0.tgz#03496725c9c30efec9caaff0f241ce32427deb8f"
  integrity sha512-6pKXtRp+v/TuSS8fsdCTNLDTBp/+cYphmxPhs6UzPxJW56yvmoxbwv+Y5YbKhHxc+hKfBqzP7iNB/JBj+4pF8Q==
  dependencies:
    "@gi-types/gio2" "^2.68.0"
    "@gi-types/glib2" "^2.68.0"
    "@gi-types/gobject2" "^2.68.0"

"@gi-types/nm1@*":
  version "1.32.0"
  resolved "https://registry.yarnpkg.com/@gi-types/nm1/-/nm1-1.32.0.tgz#aa44279f175ba90e58179f7cc36693676a22a809"
  integrity sha512-TPF9iVP2eZR+z0hw1vFvl7ae7hmPE04mpLaoEYfpH65wW/3ldZ8G72AryKu86zMQ99BEwGU7aplA3gCfPFGI0w==
  dependencies:
    "@gi-types/gio2" "^2.68.0"
    "@gi-types/glib2" "^2.68.0"
    "@gi-types/gobject2" "^2.68.0"

"@gi-types/notify0@*":
  version "0.7.0"
  resolved "https://registry.yarnpkg.com/@gi-types/notify0/-/notify0-0.7.0.tgz#c22b7b5b0b5dc025a3574fa3d86a2a4db28e9ee7"
  integrity sha512-trQXuPvPlQ6DHj45THn4tbPHjIZumG6CZkspcAzzjDBK2XLIcDVIbUee5YMQUISiAqNKgKzQWp4C63cRYsFazQ==
  dependencies:
    "@gi-types/gdkpixbuf2" "^2.0.0"
    "@gi-types/glib2" "^2.68.0"
    "@gi-types/gobject2" "^2.68.0"

"@gi-types/pango1@*":
  version "1.0.0"
  resolved "https://registry.yarnpkg.com/@gi-types/pango1/-/pango1-1.0.0.tgz#51dc46cc97ae24650f23ab591aa12d43f957da9e"
  integrity sha512-ZDYC0tW+SNUjrjxGSEIJo8oPLlpz+WwvwRH2d0mTTX3p2SuQNV7rkYjdR0L2uAuD15NBe7mM6wvLcxJ2WZurGg==
  dependencies:
    "@gi-types/glib2" "^2.68.0"
    "@gi-types/gobject2" "^2.68.0"
    "@gi-types/harfbuzz2" "^2.8.1"

"@gi-types/polkit1@*", "@gi-types/polkit1@^1.0.0":
  version "1.0.0"
  resolved "https://registry.yarnpkg.com/@gi-types/polkit1/-/polkit1-1.0.0.tgz#1f5ef0a77ab971198827f33b07172e33961921b3"
  integrity sha512-2yQ0btuZXU6ajMgUccIrEQSkE9SUNyL3EbbQ0FkpkJIGMl+c531iXlppVXbNVfovNw6lrVuOHQCaPMH7UJoBpA==
  dependencies:
    "@gi-types/gio2" "^2.68.0"
    "@gi-types/glib2" "^2.68.0"
    "@gi-types/gobject2" "^2.68.0"

"@gi-types/polkitagent1@*":
  version "1.0.0"
  resolved "https://registry.yarnpkg.com/@gi-types/polkitagent1/-/polkitagent1-1.0.0.tgz#b875c077f315153a27d4398ff64a74efe0e70c85"
  integrity sha512-7dT5BqG9cJk9SEuTnq7BKxa36U20RqFY7udA5OrLuPudrHxIG/fkRAY5+DgVKjVGtp+DO5T2IlYBGDqyQyk3Cg==
  dependencies:
    "@gi-types/gio2" "^2.68.0"
    "@gi-types/glib2" "^2.68.0"
    "@gi-types/gobject2" "^2.68.0"
    "@gi-types/polkit1" "^1.0.0"

"@gi-types/rsvg2@*":
  version "2.50.0"
  resolved "https://registry.yarnpkg.com/@gi-types/rsvg2/-/rsvg2-2.50.0.tgz#38ba8029b39ecf367e0e5134b969a32663f75798"
  integrity sha512-KfODNokeIxse65cah4IVPdDmZ4A8NcKQuhUOldcx259vQZz8VzYbAJiCw9PZ3BKZFqqEMitX3YSnzlHPZ0xK1Q==
  dependencies:
    "@gi-types/cairo1" "^1.0.0"
    "@gi-types/gdkpixbuf2" "^2.0.0"
    "@gi-types/gio2" "^2.68.0"
    "@gi-types/glib2" "^2.68.0"
    "@gi-types/gobject2" "^2.68.0"

"@gi-types/soup2@*":
  version "2.72.0"
  resolved "https://registry.yarnpkg.com/@gi-types/soup2/-/soup2-2.72.0.tgz#f1a25e478b2f1c66a1298dbfcd622724903e6a9e"
  integrity sha512-PGCUaj9IEfA9vIhZPbXNFamklWWCIqszV0OIdyzzQxcL6EcJTdW8mn0DTRGqJPXuC52l/V5smOSF9eelyhMKZA==
  dependencies:
    "@gi-types/gio2" "^2.68.0"
    "@gi-types/glib2" "^2.68.0"
    "@gi-types/gobject2" "^2.68.0"

"@gi-types/telepathyglib0@*", "@gi-types/telepathyglib0@^0.12.0":
  version "0.12.0"
  resolved "https://registry.yarnpkg.com/@gi-types/telepathyglib0/-/telepathyglib0-0.12.0.tgz#241ba4ded6fee19f799d79e3eac4d44862bd2d9c"
  integrity sha512-mtuSOev0fP8J4mq+EkVpZpBGwqJhFFPp8yEpNm7LB72xqgHRBSI07hYjgMPO7Fm3EC+i/2aUCoRH/b26sGchBg==
  dependencies:
    "@gi-types/gio2" "^2.68.0"
    "@gi-types/glib2" "^2.68.0"
    "@gi-types/gobject2" "^2.68.0"

"@gi-types/telepathylogger0@*":
  version "0.2.0"
  resolved "https://registry.yarnpkg.com/@gi-types/telepathylogger0/-/telepathylogger0-0.2.0.tgz#917ee7eab4cd3b836ec216ebd600598283ea2728"
  integrity sha512-rIL+MbB204Gpc3pqbr0xKarFBCcS0gaV3f1u523MQZfAfuK6Hh7ci2tSHmTcXjLtT7+w6F5kcBrHXP7uwMgU9w==
  dependencies:
    "@gi-types/gio2" "^2.68.0"
    "@gi-types/glib2" "^2.68.0"
    "@gi-types/gobject2" "^2.68.0"
    "@gi-types/telepathyglib0" "^0.12.0"

"@gi-types/upowerglib1@*":
  version "0.99.0"
  resolved "https://registry.yarnpkg.com/@gi-types/upowerglib1/-/upowerglib1-0.99.0.tgz#1317ff03b4104d6afd9f417f5ae5044d4197b473"
  integrity sha512-MPqFnwKmW4RlV3ififdXiUgzs3+kRjUBmJiM8y+NQApLIbqLipBrpm3IxwkB5oRZV6i9KnHp47AguQvqfjoxtA==
  dependencies:
    "@gi-types/gio2" "^2.68.0"
    "@gi-types/gobject2" "^2.68.0"

"@gi-types/xlib2@*":
  version "2.0.0"
  resolved "https://registry.yarnpkg.com/@gi-types/xlib2/-/xlib2-2.0.0.tgz#1072b392a42266832dc8f329db30e005dce8b024"
  integrity sha512-wFeKKC104EUj6h3HsAIBMUSCZYgphZgNARy4NUWfbjLF0Mx+N84PgzAcUgrWsbrxXKappsZ3mqZfPvdtea948A==
  dependencies:
    "@gi-types/gobject2" "^2.68.0"
